
Microsoft Visual Studio Solution File, Format Version 12.00
# Visual Studio Version 17
VisualStudioVersion = 17.9.34728.123
MinimumVisualStudioVersion = 10.0.40219.1
Project("{FAE04EC0-301F-11D3-BF4B-00C04F79EFBC}") = "labsheet 02 question 3", "labsheet 02 question 3\labsheet 02 question 3.csproj", "{A53D9DEA-D5BF-4FA9-8DBA-0D3A55BC6928}"
EndProject
Global
	GlobalSection(SolutionConfigurationPlatforms) = preSolution
		Debug|Any CPU = Debug|Any CPU
		Release|Any CPU = Release|Any CPU
	EndGlobalSection
	GlobalSection(ProjectConfigurationPlatforms) = postSolution
		{A53D9DEA-D5BF-4FA9-8DBA-0D3A55BC6928}.Debug|Any CPU.ActiveCfg = Debug|Any CPU
		{A53D9DEA-D5BF-4FA9-8DBA-0D3A55BC6928}.Debug|Any CPU.Build.0 = Debug|Any CPU
		{A53D9DEA-D5BF-4FA9-8DBA-0D3A55BC6928}.Release|Any CPU.ActiveCfg = Release|Any CPU
		{A53D9DEA-D5BF-4FA9-8DBA-0D3A55BC6928}.Release|Any CPU.Build.0 = Release|Any CPU
	EndGlobalSection
	GlobalSection(SolutionProperties) = preSolution
		HideSolutionNode = FALSE
	EndGlobalSection
	GlobalSection(ExtensibilityGlobals) = postSolution
		SolutionGuid = {F55D0DA1-DB97-44E0-9F89-E80180BD1329}
	EndGlobalSection
EndGlobal
